
Microsoft Visual Studio Solution File, Format Version 12.00
# Visual Studio 15
VisualStudioVersion = 15.0.28010.2016
MinimumVisualStudioVersion = 10.0.40219.1
Project("{2150E333-8FDC-42A3-9474-1A3956D46DE8}") = "Source", "Source", "{B42048B3-F31C-48B4-82B6-2D1FA579FF17}"
EndProject
Project("{2150E333-8FDC-42A3-9474-1A3956D46DE8}") = "Tests", "Tests", "{A2C23E59-CD59-4F98-A8DA-74AA1EA285BA}"
EndProject
Project("{FAE04EC0-301F-11D3-BF4B-00C04F79EFBC}") = "DiceRoller", "DiceRoller\DiceRoller.csproj", "{1575E147-17A6-48A7-B03B-BB1C1B447300}"
EndProject
Project("{9A19103F-16F7-4668-BE54-9A1E7A4F7556}") = "DiceRoller.Tests", "DiceRoller.Tests\DiceRoller.Tests.csproj", "{64E0C6D0-A29D-49AC-B58C-873ECF7F2363}"
EndProject
Global
	GlobalSection(SolutionConfigurationPlatforms) = preSolution
		Debug|Any CPU = Debug|Any CPU
		Release|Any CPU = Release|Any CPU
	EndGlobalSection
	GlobalSection(ProjectConfigurationPlatforms) = postSolution
		{1575E147-17A6-48A7-B03B-BB1C1B447300}.Debug|Any CPU.ActiveCfg = Debug|Any CPU
		{1575E147-17A6-48A7-B03B-BB1C1B447300}.Debug|Any CPU.Build.0 = Debug|Any CPU
		{1575E147-17A6-48A7-B03B-BB1C1B447300}.Release|Any CPU.ActiveCfg = Release|Any CPU
		{1575E147-17A6-48A7-B03B-BB1C1B447300}.Release|Any CPU.Build.0 = Release|Any CPU
		{64E0C6D0-A29D-49AC-B58C-873ECF7F2363}.Debug|Any CPU.ActiveCfg = Debug|Any CPU
		{64E0C6D0-A29D-49AC-B58C-873ECF7F2363}.Debug|Any CPU.Build.0 = Debug|Any CPU
		{64E0C6D0-A29D-49AC-B58C-873ECF7F2363}.Release|Any CPU.ActiveCfg = Release|Any CPU
		{64E0C6D0-A29D-49AC-B58C-873ECF7F2363}.Release|Any CPU.Build.0 = Release|Any CPU
	EndGlobalSection
	GlobalSection(SolutionProperties) = preSolution
		HideSolutionNode = FALSE
	EndGlobalSection
	GlobalSection(NestedProjects) = preSolution
		{1575E147-17A6-48A7-B03B-BB1C1B447300} = {B42048B3-F31C-48B4-82B6-2D1FA579FF17}
		{64E0C6D0-A29D-49AC-B58C-873ECF7F2363} = {A2C23E59-CD59-4F98-A8DA-74AA1EA285BA}
	EndGlobalSection
	GlobalSection(ExtensibilityGlobals) = postSolution
		SolutionGuid = {B5CFD5BE-7A81-4974-91C6-90B5E2D99E5F}
	EndGlobalSection
EndGlobal
